
Microsoft Visual Studio Solution File, Format Version 12.00
# Visual Studio Version 17
VisualStudioVersion = 17.14.36623.8 d17.14
MinimumVisualStudioVersion = 10.0.40219.1
Project("{FAE04EC0-301F-11D3-BF4B-00C04F79EFBC}") = "zadanie5", "zadanie5.csproj", "{604A3446-C628-4B3E-81D9-0E44ED29A823}"
EndProject
Global
	GlobalSection(SolutionConfigurationPlatforms) = preSolution
		Debug|Any CPU = Debug|Any CPU
		Release|Any CPU = Release|Any CPU
	EndGlobalSection
	GlobalSection(ProjectConfigurationPlatforms) = postSolution
		{604A3446-C628-4B3E-81D9-0E44ED29A823}.Debug|Any CPU.ActiveCfg = Debug|Any CPU
		{604A3446-C628-4B3E-81D9-0E44ED29A823}.Debug|Any CPU.Build.0 = Debug|Any CPU
		{604A3446-C628-4B3E-81D9-0E44ED29A823}.Release|Any CPU.ActiveCfg = Release|Any CPU
		{604A3446-C628-4B3E-81D9-0E44ED29A823}.Release|Any CPU.Build.0 = Release|Any CPU
	EndGlobalSection
	GlobalSection(SolutionProperties) = preSolution
		HideSolutionNode = FALSE
	EndGlobalSection
	GlobalSection(ExtensibilityGlobals) = postSolution
		SolutionGuid = {AE416EC6-D8D3-40DC-847A-7C6D23BC6365}
	EndGlobalSection
EndGlobal
