
Microsoft Visual Studio Solution File, Format Version 12.00
# Visual Studio Version 17
VisualStudioVersion = 17.14.36623.8 d17.14
MinimumVisualStudioVersion = 10.0.40219.1
Project("{FAE04EC0-301F-11D3-BF4B-00C04F79EFBC}") = "zadanie7", "zadanie7.csproj", "{B0C54298-81E1-4EE6-992E-ED4BB2FAAC9D}"
EndProject
Global
	GlobalSection(SolutionConfigurationPlatforms) = preSolution
		Debug|Any CPU = Debug|Any CPU
		Release|Any CPU = Release|Any CPU
	EndGlobalSection
	GlobalSection(ProjectConfigurationPlatforms) = postSolution
		{B0C54298-81E1-4EE6-992E-ED4BB2FAAC9D}.Debug|Any CPU.ActiveCfg = Debug|Any CPU
		{B0C54298-81E1-4EE6-992E-ED4BB2FAAC9D}.Debug|Any CPU.Build.0 = Debug|Any CPU
		{B0C54298-81E1-4EE6-992E-ED4BB2FAAC9D}.Release|Any CPU.ActiveCfg = Release|Any CPU
		{B0C54298-81E1-4EE6-992E-ED4BB2FAAC9D}.Release|Any CPU.Build.0 = Release|Any CPU
	EndGlobalSection
	GlobalSection(SolutionProperties) = preSolution
		HideSolutionNode = FALSE
	EndGlobalSection
	GlobalSection(ExtensibilityGlobals) = postSolution
		SolutionGuid = {2CD51C73-F4B4-4549-AC6C-D560135FE575}
	EndGlobalSection
EndGlobal
